
Microsoft Visual Studio Solution File, Format Version 12.00
# Visual Studio Version 17
VisualStudioVersion = 17.0.31903.59
MinimumVisualStudioVersion = 10.0.40219.1
Project("{9A19103F-16F7-4668-BE54-9A1E7A4F7556}") = "RichillCapital.Identity.Web", "RichillCapital.Identity.Web.csproj", "{980FE77D-42DC-43EF-9C15-EA4882742455}"
EndProject
Project("{2150E333-8FDC-42A3-9474-1A3956D46DE8}") = "Libs", "Libs", "{327EC73C-F16D-44A4-9CC2-8010C6B4F312}"
EndProject
Project("{9A19103F-16F7-4668-BE54-9A1E7A4F7556}") = "RichillCapital.Identity", "Libs\RichillCapital.Identity\RichillCapital.Identity.csproj", "{801C473F-AB79-4C53-B57E-D6A1EBD09C47}"
EndProject
Project("{9A19103F-16F7-4668-BE54-9A1E7A4F7556}") = "RichillCapital.Logging", "Libs\RichillCapital.Logging\RichillCapital.Logging.csproj", "{6A798AFE-63E6-40E8-B580-C62A85E15423}"
EndProject
Project("{9A19103F-16F7-4668-BE54-9A1E7A4F7556}") = "RichillCapital.Persistence", "Libs\RichillCapital.Persistence\RichillCapital.Persistence.csproj", "{06A2F917-5DAA-4CF5-9CCC-5E83F9B52905}"
EndProject
Project("{9A19103F-16F7-4668-BE54-9A1E7A4F7556}") = "RichillCapital.UseCases", "Libs\RichillCapital.UseCases\RichillCapital.UseCases.csproj", "{6543DF9C-DF95-4980-9969-2CA818733265}"
EndProject
Project("{2150E333-8FDC-42A3-9474-1A3956D46DE8}") = "Tests", "Tests", "{90F9DEF6-6613-4FDF-92A3-EC3D48AEC322}"
EndProject
Project("{9A19103F-16F7-4668-BE54-9A1E7A4F7556}") = "RichillCapital.Identity.Web.UnitTests", "Tests\RichillCapital.Identity.Web.UnitTests\RichillCapital.Identity.Web.UnitTests.csproj", "{931B3895-4ED4-4B39-B484-159A3469FFB6}"
EndProject
Global
	GlobalSection(SolutionConfigurationPlatforms) = preSolution
		Debug|Any CPU = Debug|Any CPU
		Release|Any CPU = Release|Any CPU
	EndGlobalSection
	GlobalSection(ProjectConfigurationPlatforms) = postSolution
		{980FE77D-42DC-43EF-9C15-EA4882742455}.Debug|Any CPU.ActiveCfg = Debug|Any CPU
		{980FE77D-42DC-43EF-9C15-EA4882742455}.Debug|Any CPU.Build.0 = Debug|Any CPU
		{980FE77D-42DC-43EF-9C15-EA4882742455}.Release|Any CPU.ActiveCfg = Release|Any CPU
		{980FE77D-42DC-43EF-9C15-EA4882742455}.Release|Any CPU.Build.0 = Release|Any CPU
		{801C473F-AB79-4C53-B57E-D6A1EBD09C47}.Debug|Any CPU.ActiveCfg = Debug|Any CPU
		{801C473F-AB79-4C53-B57E-D6A1EBD09C47}.Debug|Any CPU.Build.0 = Debug|Any CPU
		{801C473F-AB79-4C53-B57E-D6A1EBD09C47}.Release|Any CPU.ActiveCfg = Release|Any CPU
		{801C473F-AB79-4C53-B57E-D6A1EBD09C47}.Release|Any CPU.Build.0 = Release|Any CPU
		{6A798AFE-63E6-40E8-B580-C62A85E15423}.Debug|Any CPU.ActiveCfg = Debug|Any CPU
		{6A798AFE-63E6-40E8-B580-C62A85E15423}.Debug|Any CPU.Build.0 = Debug|Any CPU
		{6A798AFE-63E6-40E8-B580-C62A85E15423}.Release|Any CPU.ActiveCfg = Release|Any CPU
		{6A798AFE-63E6-40E8-B580-C62A85E15423}.Release|Any CPU.Build.0 = Release|Any CPU
		{06A2F917-5DAA-4CF5-9CCC-5E83F9B52905}.Debug|Any CPU.ActiveCfg = Debug|Any CPU
		{06A2F917-5DAA-4CF5-9CCC-5E83F9B52905}.Debug|Any CPU.Build.0 = Debug|Any CPU
		{06A2F917-5DAA-4CF5-9CCC-5E83F9B52905}.Release|Any CPU.ActiveCfg = Release|Any CPU
		{06A2F917-5DAA-4CF5-9CCC-5E83F9B52905}.Release|Any CPU.Build.0 = Release|Any CPU
		{6543DF9C-DF95-4980-9969-2CA818733265}.Debug|Any CPU.ActiveCfg = Debug|Any CPU
		{6543DF9C-DF95-4980-9969-2CA818733265}.Debug|Any CPU.Build.0 = Debug|Any CPU
		{6543DF9C-DF95-4980-9969-2CA818733265}.Release|Any CPU.ActiveCfg = Release|Any CPU
		{6543DF9C-DF95-4980-9969-2CA818733265}.Release|Any CPU.Build.0 = Release|Any CPU
		{931B3895-4ED4-4B39-B484-159A3469FFB6}.Debug|Any CPU.ActiveCfg = Debug|Any CPU
		{931B3895-4ED4-4B39-B484-159A3469FFB6}.Debug|Any CPU.Build.0 = Debug|Any CPU
		{931B3895-4ED4-4B39-B484-159A3469FFB6}.Release|Any CPU.ActiveCfg = Release|Any CPU
		{931B3895-4ED4-4B39-B484-159A3469FFB6}.Release|Any CPU.Build.0 = Release|Any CPU
	EndGlobalSection
	GlobalSection(SolutionProperties) = preSolution
		HideSolutionNode = FALSE
	EndGlobalSection
	GlobalSection(NestedProjects) = preSolution
		{801C473F-AB79-4C53-B57E-D6A1EBD09C47} = {327EC73C-F16D-44A4-9CC2-8010C6B4F312}
		{6A798AFE-63E6-40E8-B580-C62A85E15423} = {327EC73C-F16D-44A4-9CC2-8010C6B4F312}
		{06A2F917-5DAA-4CF5-9CCC-5E83F9B52905} = {327EC73C-F16D-44A4-9CC2-8010C6B4F312}
		{6543DF9C-DF95-4980-9969-2CA818733265} = {327EC73C-F16D-44A4-9CC2-8010C6B4F312}
		{931B3895-4ED4-4B39-B484-159A3469FFB6} = {90F9DEF6-6613-4FDF-92A3-EC3D48AEC322}
	EndGlobalSection
	GlobalSection(ExtensibilityGlobals) = postSolution
		SolutionGuid = {495BD3C3-714B-412A-83E0-44F3813D150F}
	EndGlobalSection
EndGlobal
